
Microsoft Visual Studio Solution File, Format Version 12.00
# Visual Studio Version 16
VisualStudioVersion = 16.0.31911.196
MinimumVisualStudioVersion = 10.0.40219.1
Project("{888888A0-9F3D-457C-B088-3A5042F75D52}") = "GradCalculator", "GradCalculator\GradCalculator.pyproj", "{4DF7B545-2767-4090-BB0B-DD2D79F1A540}"
EndProject
Global
	GlobalSection(SolutionConfigurationPlatforms) = preSolution
		Debug|Any CPU = Debug|Any CPU
		Release|Any CPU = Release|Any CPU
	EndGlobalSection
	GlobalSection(ProjectConfigurationPlatforms) = postSolution
		{4DF7B545-2767-4090-BB0B-DD2D79F1A540}.Debug|Any CPU.ActiveCfg = Debug|Any CPU
		{4DF7B545-2767-4090-BB0B-DD2D79F1A540}.Release|Any CPU.ActiveCfg = Release|Any CPU
	EndGlobalSection
	GlobalSection(SolutionProperties) = preSolution
		HideSolutionNode = FALSE
	EndGlobalSection
	GlobalSection(ExtensibilityGlobals) = postSolution
		SolutionGuid = {6D6B5760-2131-4B3F-B0FA-EE700A113A3F}
	EndGlobalSection
EndGlobal
